// !$*UTF8*$!
{
	archiveVersion = 1;
	classes = {
	};
	objectVersion = 55;
	objects = {

/* Begin PBXBuildFile section */
		3A4D55DE2885E95B00A47DAE /* TrekrApp.swift in Sources */ = {isa = PBXBuildFile; fileRef = 3A4D55CE2885E95900A47DAE /* TrekrApp.swift */; };
		3A4D55DF2885E95B00A47DAE /* TrekrApp.swift in Sources */ = {isa = PBXBuildFile; fileRef = 3A4D55CE2885E95900A47DAE /* TrekrApp.swift */; };
		3A4D55E02885E95B00A47DAE /* ContentView.swift in Sources */ = {isa = PBXBuildFile; fileRef = 3A4D55CF2885E95900A47DAE /* ContentView.swift */; };
		3A4D55E12885E95B00A47DAE /* ContentView.swift in Sources */ = {isa = PBXBuildFile; fileRef = 3A4D55CF2885E95900A47DAE /* ContentView.swift */; };
		3A4D55E22885E95B00A47DAE /* Assets.xcassets in Resources */ = {isa = PBXBuildFile; fileRef = 3A4D55D02885E95A00A47DAE /* Assets.xcassets */; };
		3A4D55E32885E95B00A47DAE /* Assets.xcassets in Resources */ = {isa = PBXBuildFile; fileRef = 3A4D55D02885E95A00A47DAE /* Assets.xcassets */; };
		3A4D55EE2885ED8400A47DAE /* tips.json in Resources */ = {isa = PBXBuildFile; fileRef = 3A4D55EC2885ED8400A47DAE /* tips.json */; };
		3A4D55EF2885ED8400A47DAE /* tips.json in Resources */ = {isa = PBXBuildFile; fileRef = 3A4D55EC2885ED8400A47DAE /* tips.json */; };
		3A4D55F02885ED8400A47DAE /* locations.json in Resources */ = {isa = PBXBuildFile; fileRef = 3A4D55ED2885ED8400A47DAE /* locations.json */; };
		3A4D55F12885ED8400A47DAE /* locations.json in Resources */ = {isa = PBXBuildFile; fileRef = 3A4D55ED2885ED8400A47DAE /* locations.json */; };
		3A4D55F32885F6BA00A47DAE /* Location.swift in Sources */ = {isa = PBXBuildFile; fileRef = 3A4D55F22885F6BA00A47DAE /* Location.swift */; };
		3A4D55F42885F6BA00A47DAE /* Location.swift in Sources */ = {isa = PBXBuildFile; fileRef = 3A4D55F22885F6BA00A47DAE /* Location.swift */; };
		3A4D55F62885FAD600A47DAE /* Locations.swift in Sources */ = {isa = PBXBuildFile; fileRef = 3A4D55F52885FAD600A47DAE /* Locations.swift */; };
		3A4D55F72885FAD600A47DAE /* Locations.swift in Sources */ = {isa = PBXBuildFile; fileRef = 3A4D55F52885FAD600A47DAE /* Locations.swift */; };
		3A4D55F92886182D00A47DAE /* WorldView.swift in Sources */ = {isa = PBXBuildFile; fileRef = 3A4D55F82886182D00A47DAE /* WorldView.swift */; };
		3A4D55FA2886182D00A47DAE /* WorldView.swift in Sources */ = {isa = PBXBuildFile; fileRef = 3A4D55F82886182D00A47DAE /* WorldView.swift */; };
		3A4D55FC2886933A00A47DAE /* Tip.swift in Sources */ = {isa = PBXBuildFile; fileRef = 3A4D55FB2886933900A47DAE /* Tip.swift */; };
		3A4D55FD2886933A00A47DAE /* Tip.swift in Sources */ = {isa = PBXBuildFile; fileRef = 3A4D55FB2886933900A47DAE /* Tip.swift */; };
		3A4D55FF288693AB00A47DAE /* TipsView.swift in Sources */ = {isa = PBXBuildFile; fileRef = 3A4D55FE288693AB00A47DAE /* TipsView.swift */; };
		3A4D5600288693AB00A47DAE /* TipsView.swift in Sources */ = {isa = PBXBuildFile; fileRef = 3A4D55FE288693AB00A47DAE /* TipsView.swift */; };
/* End PBXBuildFile section */

/* Begin PBXFileReference section */
		3A4D55CE2885E95900A47DAE /* TrekrApp.swift */ = {isa = PBXFileReference; lastKnownFileType = sourcecode.swift; path = TrekrApp.swift; sourceTree = "<group>"; };
		3A4D55CF2885E95900A47DAE /* ContentView.swift */ = {isa = PBXFileReference; lastKnownFileType = sourcecode.swift; path = ContentView.swift; sourceTree = "<group>"; };
		3A4D55D02885E95A00A47DAE /* Assets.xcassets */ = {isa = PBXFileReference; lastKnownFileType = folder.assetcatalog; path = Assets.xcassets; sourceTree = "<group>"; };
		3A4D55D52885E95B00A47DAE /* Trekr.app */ = {isa = PBXFileReference; explicitFileType = wrapper.application; includeInIndex = 0; path = Trekr.app; sourceTree = BUILT_PRODUCTS_DIR; };
		3A4D55DB2885E95B00A47DAE /* Trekr.app */ = {isa = PBXFileReference; explicitFileType = wrapper.application; includeInIndex = 0; path = Trekr.app; sourceTree = BUILT_PRODUCTS_DIR; };
		3A4D55DD2885E95B00A47DAE /* macOS.entitlements */ = {isa = PBXFileReference; lastKnownFileType = text.plist.entitlements; path = macOS.entitlements; sourceTree = "<group>"; };
		3A4D55EC2885ED8400A47DAE /* tips.json */ = {isa = PBXFileReference; fileEncoding = 4; lastKnownFileType = text.json; path = tips.json; sourceTree = "<group>"; };
		3A4D55ED2885ED8400A47DAE /* locations.json */ = {isa = PBXFileReference; fileEncoding = 4; lastKnownFileType = text.json; path = locations.json; sourceTree = "<group>"; };
		3A4D55F22885F6BA00A47DAE /* Location.swift */ = {isa = PBXFileReference; lastKnownFileType = sourcecode.swift; path = Location.swift; sourceTree = "<group>"; };
		3A4D55F52885FAD600A47DAE /* Locations.swift */ = {isa = PBXFileReference; lastKnownFileType = sourcecode.swift; path = Locations.swift; sourceTree = "<group>"; };
		3A4D55F82886182D00A47DAE /* WorldView.swift */ = {isa = PBXFileReference; lastKnownFileType = sourcecode.swift; path = WorldView.swift; sourceTree = "<group>"; };
		3A4D55FB2886933900A47DAE /* Tip.swift */ = {isa = PBXFileReference; lastKnownFileType = sourcecode.swift; path = Tip.swift; sourceTree = "<group>"; };
		3A4D55FE288693AB00A47DAE /* TipsView.swift */ = {isa = PBXFileReference; lastKnownFileType = sourcecode.swift; path = TipsView.swift; sourceTree = "<group>"; };
/* End PBXFileReference section */

/* Begin PBXFrameworksBuildPhase section */
		3A4D55D22885E95B00A47DAE /* Frameworks */ = {
			isa = PBXFrameworksBuildPhase;
			buildActionMask = 2147483647;
			files = (
			);
			runOnlyForDeploymentPostprocessing = 0;
		};
		3A4D55D82885E95B00A47DAE /* Frameworks */ = {
			isa = PBXFrameworksBuildPhase;
			buildActionMask = 2147483647;
			files = (
			);
			runOnlyForDeploymentPostprocessing = 0;
		};
/* End PBXFrameworksBuildPhase section */

/* Begin PBXGroup section */
		3A4D55C82885E95900A47DAE = {
			isa = PBXGroup;
			children = (
				3A4D55CD2885E95900A47DAE /* Shared */,
				3A4D55DC2885E95B00A47DAE /* macOS */,
				3A4D55D62885E95B00A47DAE /* Products */,
			);
			sourceTree = "<group>";
		};
		3A4D55CD2885E95900A47DAE /* Shared */ = {
			isa = PBXGroup;
			children = (
				3A4D55ED2885ED8400A47DAE /* locations.json */,
				3A4D55EC2885ED8400A47DAE /* tips.json */,
				3A4D55CE2885E95900A47DAE /* TrekrApp.swift */,
				3A4D55F82886182D00A47DAE /* WorldView.swift */,
				3A4D55FB2886933900A47DAE /* Tip.swift */,
				3A4D55FE288693AB00A47DAE /* TipsView.swift */,
				3A4D55CF2885E95900A47DAE /* ContentView.swift */,
				3A4D55F52885FAD600A47DAE /* Locations.swift */,
				3A4D55F22885F6BA00A47DAE /* Location.swift */,
				3A4D55D02885E95A00A47DAE /* Assets.xcassets */,
			);
			path = Shared;
			sourceTree = "<group>";
		};
		3A4D55D62885E95B00A47DAE /* Products */ = {
			isa = PBXGroup;
			children = (
				3A4D55D52885E95B00A47DAE /* Trekr.app */,
				3A4D55DB2885E95B00A47DAE /* Trekr.app */,
			);
			name = Products;
			sourceTree = "<group>";
		};
		3A4D55DC2885E95B00A47DAE /* macOS */ = {
			isa = PBXGroup;
			children = (
				3A4D55DD2885E95B00A47DAE /* macOS.entitlements */,
			);
			path = macOS;
			sourceTree = "<group>";
		};
/* End PBXGroup section */

/* Begin PBXNativeTarget section */
		3A4D55D42885E95B00A47DAE /* Trekr (iOS) */ = {
			isa = PBXNativeTarget;
			buildConfigurationList = 3A4D55E62885E95B00A47DAE /* Build configuration list for PBXNativeTarget "Trekr (iOS)" */;
			buildPhases = (
				3A4D55D12885E95B00A47DAE /* Sources */,
				3A4D55D22885E95B00A47DAE /* Frameworks */,
				3A4D55D32885E95B00A47DAE /* Resources */,
			);
			buildRules = (
			);
			dependencies = (
			);
			name = "Trekr (iOS)";
			productName = "Trekr (iOS)";
			productReference = 3A4D55D52885E95B00A47DAE /* Trekr.app */;
			productType = "com.apple.product-type.application";
		};
		3A4D55DA2885E95B00A47DAE /* Trekr (macOS) */ = {
			isa = PBXNativeTarget;
			buildConfigurationList = 3A4D55E92885E95B00A47DAE /* Build configuration list for PBXNativeTarget "Trekr (macOS)" */;
			buildPhases = (
				3A4D55D72885E95B00A47DAE /* Sources */,
				3A4D55D82885E95B00A47DAE /* Frameworks */,
				3A4D55D92885E95B00A47DAE /* Resources */,
			);
			buildRules = (
			);
			dependencies = (
			);
			name = "Trekr (macOS)";
			productName = "Trekr (macOS)";
			productReference = 3A4D55DB2885E95B00A47DAE /* Trekr.app */;
			productType = "com.apple.product-type.application";
		};
/* End PBXNativeTarget section */

/* Begin PBXProject section */
		3A4D55C92885E95900A47DAE /* Project object */ = {
			isa = PBXProject;
			attributes = {
				BuildIndependentTargetsInParallel = 1;
				LastSwiftUpdateCheck = 1340;
				LastUpgradeCheck = 1340;
				TargetAttributes = {
					3A4D55D42885E95B00A47DAE = {
						CreatedOnToolsVersion = 13.4.1;
					};
					3A4D55DA2885E95B00A47DAE = {
						CreatedOnToolsVersion = 13.4.1;
					};
				};
			};
			buildConfigurationList = 3A4D55CC2885E95900A47DAE /* Build configuration list for PBXProject "Trekr" */;
			compatibilityVersion = "Xcode 13.0";
			developmentRegion = en;
			hasScannedForEncodings = 0;
			knownRegions = (
				en,
				Base,
			);
			mainGroup = 3A4D55C82885E95900A47DAE;
			productRefGroup = 3A4D55D62885E95B00A47DAE /* Products */;
			projectDirPath = "";
			projectRoot = "";
			targets = (
				3A4D55D42885E95B00A47DAE /* Trekr (iOS) */,
				3A4D55DA2885E95B00A47DAE /* Trekr (macOS) */,
			);
		};
/* End PBXProject section */

/* Begin PBXResourcesBuildPhase section */
		3A4D55D32885E95B00A47DAE /* Resources */ = {
			isa = PBXResourcesBuildPhase;
			buildActionMask = 2147483647;
			files = (
				3A4D55E22885E95B00A47DAE /* Assets.xcassets in Resources */,
				3A4D55F02885ED8400A47DAE /* locations.json in Resources */,
				3A4D55EE2885ED8400A47DAE /* tips.json in Resources */,
			);
			runOnlyForDeploymentPostprocessing = 0;
		};
		3A4D55D92885E95B00A47DAE /* Resources */ = {
			isa = PBXResourcesBuildPhase;
			buildActionMask = 2147483647;
			files = (
				3A4D55E32885E95B00A47DAE /* Assets.xcassets in Resources */,
				3A4D55F12885ED8400A47DAE /* locations.json in Resources */,
				3A4D55EF2885ED8400A47DAE /* tips.json in Resources */,
			);
			runOnlyForDeploymentPostprocessing = 0;
		};
/* End PBXResourcesBuildPhase section */

/* Begin PBXSourcesBuildPhase section */
		3A4D55D12885E95B00A47DAE /* Sources */ = {
			isa = PBXSourcesBuildPhase;
			buildActionMask = 2147483647;
			files = (
				3A4D55E02885E95B00A47DAE /* ContentView.swift in Sources */,
				3A4D55F32885F6BA00A47DAE /* Location.swift in Sources */,
				3A4D55F92886182D00A47DAE /* WorldView.swift in Sources */,
				3A4D55FC2886933A00A47DAE /* Tip.swift in Sources */,
				3A4D55FF288693AB00A47DAE /* TipsView.swift in Sources */,
				3A4D55F62885FAD600A47DAE /* Locations.swift in Sources */,
				3A4D55DE2885E95B00A47DAE /* TrekrApp.swift in Sources */,
			);
			runOnlyForDeploymentPostprocessing = 0;
		};
		3A4D55D72885E95B00A47DAE /* Sources */ = {
			isa = PBXSourcesBuildPhase;
			buildActionMask = 2147483647;
			files = (
				3A4D55E12885E95B00A47DAE /* ContentView.swift in Sources */,
				3A4D55F42885F6BA00A47DAE /* Location.swift in Sources */,
				3A4D55FA2886182D00A47DAE /* WorldView.swift in Sources */,
				3A4D55FD2886933A00A47DAE /* Tip.swift in Sources */,
				3A4D5600288693AB00A47DAE /* TipsView.swift in Sources */,
				3A4D55F72885FAD600A47DAE /* Locations.swift in Sources */,
				3A4D55DF2885E95B00A47DAE /* TrekrApp.swift in Sources */,
			);
			runOnlyForDeploymentPostprocessing = 0;
		};
/* End PBXSourcesBuildPhase section */

/* Begin XCBuildConfiguration section */
		3A4D55E42885E95B00A47DAE /* Debug */ = {
			isa = XCBuildConfiguration;
			buildSettings = {
				ALWAYS_SEARCH_USER_PATHS = NO;
				CLANG_ANALYZER_NONNULL = YES;
				CLANG_ANALYZER_NUMBER_OBJECT_CONVERSION = YES_AGGRESSIVE;
				CLANG_CXX_LANGUAGE_STANDARD = "gnu++17";
				CLANG_ENABLE_MODULES = YES;
				CLANG_ENABLE_OBJC_ARC = YES;
				CLANG_ENABLE_OBJC_WEAK = YES;
				CLANG_WARN_BLOCK_CAPTURE_AUTORELEASING = YES;
				CLANG_WARN_BOOL_CONVERSION = YES;
				CLANG_WARN_COMMA = YES;
				CLANG_WARN_CONSTANT_CONVERSION = YES;
				CLANG_WARN_DEPRECATED_OBJC_IMPLEMENTATIONS = YES;
				CLANG_WARN_DIRECT_OBJC_ISA_USAGE = YES_ERROR;
				CLANG_WARN_DOCUMENTATION_COMMENTS = YES;
				CLANG_WARN_EMPTY_BODY = YES;
				CLANG_WARN_ENUM_CONVERSION = YES;
				CLANG_WARN_INFINITE_RECURSION = YES;
				CLANG_WARN_INT_CONVERSION = YES;
				CLANG_WARN_NON_LITERAL_NULL_CONVERSION = YES;
				CLANG_WARN_OBJC_IMPLICIT_RETAIN_SELF = YES;
				CLANG_WARN_OBJC_LITERAL_CONVERSION = YES;
				CLANG_WARN_OBJC_ROOT_CLASS = YES_ERROR;
				CLANG_WARN_QUOTED_INCLUDE_IN_FRAMEWORK_HEADER = YES;
				CLANG_WARN_RANGE_LOOP_ANALYSIS = YES;
				CLANG_WARN_STRICT_PROTOTYPES = YES;
				CLANG_WARN_SUSPICIOUS_MOVE = YES;
				CLANG_WARN_UNGUARDED_AVAILABILITY = YES_AGGRESSIVE;
				CLANG_WARN_UNREACHABLE_CODE = YES;
				CLANG_WARN__DUPLICATE_METHOD_MATCH = YES;
				COPY_PHASE_STRIP = NO;
				DEBUG_INFORMATION_FORMAT = dwarf;
				ENABLE_STRICT_OBJC_MSGSEND = YES;
				ENABLE_TESTABILITY = YES;
				GCC_C_LANGUAGE_STANDARD = gnu11;
				GCC_DYNAMIC_NO_PIC = NO;
				GCC_NO_COMMON_BLOCKS = YES;
				GCC_OPTIMIZATION_LEVEL = 0;
				GCC_PREPROCESSOR_DEFINITIONS = (
					"DEBUG=1",
					"$(inherited)",
				);
				GCC_WARN_64_TO_32_BIT_CONVERSION = YES;
				GCC_WARN_ABOUT_RETURN_TYPE = YES_ERROR;
				GCC_WARN_UNDECLARED_SELECTOR = YES;
				GCC_WARN_UNINITIALIZED_AUTOS = YES_AGGRESSIVE;
				GCC_WARN_UNUSED_FUNCTION = YES;
				GCC_WARN_UNUSED_VARIABLE = YES;
				MTL_ENABLE_DEBUG_INFO = INCLUDE_SOURCE;
				MTL_FAST_MATH = YES;
				ONLY_ACTIVE_ARCH = YES;
				SWIFT_ACTIVE_COMPILATION_CONDITIONS = DEBUG;
				SWIFT_OPTIMIZATION_LEVEL = "-Onone";
			};
			name = Debug;
		};
		3A4D55E52885E95B00A47DAE /* Release */ = {
			isa = XCBuildConfiguration;
			buildSettings = {
				ALWAYS_SEARCH_USER_PATHS = NO;
				CLANG_ANALYZER_NONNULL = YES;
				CLANG_ANALYZER_NUMBER_OBJECT_CONVERSION = YES_AGGRESSIVE;
				CLANG_CXX_LANGUAGE_STANDARD = "gnu++17";
				CLANG_ENABLE_MODULES = YES;
				CLANG_ENABLE_OBJC_ARC = YES;
				CLANG_ENABLE_OBJC_WEAK = YES;
				CLANG_WARN_BLOCK_CAPTURE_AUTORELEASING = YES;
				CLANG_WARN_BOOL_CONVERSION = YES;
				CLANG_WARN_COMMA = YES;
				CLANG_WARN_CONSTANT_CONVERSION = YES;
				CLANG_WARN_DEPRECATED_OBJC_IMPLEMENTATIONS = YES;
				CLANG_WARN_DIRECT_OBJC_ISA_USAGE = YES_ERROR;
				CLANG_WARN_DOCUMENTATION_COMMENTS = YES;
				CLANG_WARN_EMPTY_BODY = YES;
				CLANG_WARN_ENUM_CONVERSION = YES;
				CLANG_WARN_INFINITE_RECURSION = YES;
				CLANG_WARN_INT_CONVERSION = YES;
				CLANG_WARN_NON_LITERAL_NULL_CONVERSION = YES;
				CLANG_WARN_OBJC_IMPLICIT_RETAIN_SELF = YES;
				CLANG_WARN_OBJC_LITERAL_CONVERSION = YES;
				CLANG_WARN_OBJC_ROOT_CLASS = YES_ERROR;
				CLANG_WARN_QUOTED_INCLUDE_IN_FRAMEWORK_HEADER = YES;
				CLANG_WARN_RANGE_LOOP_ANALYSIS = YES;
				CLANG_WARN_STRICT_PROTOTYPES = YES;
				CLANG_WARN_SUSPICIOUS_MOVE = YES;
				CLANG_WARN_UNGUARDED_AVAILABILITY = YES_AGGRESSIVE;
				CLANG_WARN_UNREACHABLE_CODE = YES;
				CLANG_WARN__DUPLICATE_METHOD_MATCH = YES;
				COPY_PHASE_STRIP = NO;
				DEBUG_INFORMATION_FORMAT = "dwarf-with-dsym";
				ENABLE_NS_ASSERTIONS = NO;
				ENABLE_STRICT_OBJC_MSGSEND = YES;
				GCC_C_LANGUAGE_STANDARD = gnu11;
				GCC_NO_COMMON_BLOCKS = YES;
				GCC_WARN_64_TO_32_BIT_CONVERSION = YES;
				GCC_WARN_ABOUT_RETURN_TYPE = YES_ERROR;
				GCC_WARN_UNDECLARED_SELECTOR = YES;
				GCC_WARN_UNINITIALIZED_AUTOS = YES_AGGRESSIVE;
				GCC_WARN_UNUSED_FUNCTION = YES;
				GCC_WARN_UNUSED_VARIABLE = YES;
				MTL_ENABLE_DEBUG_INFO = NO;
				MTL_FAST_MATH = YES;
				SWIFT_COMPILATION_MODE = wholemodule;
				SWIFT_OPTIMIZATION_LEVEL = "-O";
			};
			name = Release;
		};
		3A4D55E72885E95B00A47DAE /* Debug */ = {
			isa = XCBuildConfiguration;
			buildSettings = {
				ASSETCATALOG_COMPILER_APPICON_NAME = AppIcon;
				ASSETCATALOG_COMPILER_GLOBAL_ACCENT_COLOR_NAME = AccentColor;
				CODE_SIGN_STYLE = Automatic;
				CURRENT_PROJECT_VERSION = 1;
				DEVELOPMENT_TEAM = 64TKHZP6VP;
				ENABLE_PREVIEWS = YES;
				GENERATE_INFOPLIST_FILE = YES;
				INFOPLIST_KEY_UIApplicationSceneManifest_Generation = YES;
				INFOPLIST_KEY_UIApplicationSupportsIndirectInputEvents = YES;
				INFOPLIST_KEY_UILaunchScreen_Generation = YES;
				INFOPLIST_KEY_UISupportedInterfaceOrientations_iPad = "UIInterfaceOrientationPortrait UIInterfaceOrientationPortraitUpsideDown UIInterfaceOrientationLandscapeLeft UIInterfaceOrientationLandscapeRight";
				INFOPLIST_KEY_UISupportedInterfaceOrientations_iPhone = "UIInterfaceOrientationPortrait UIInterfaceOrientationLandscapeLeft UIInterfaceOrientationLandscapeRight";
				IPHONEOS_DEPLOYMENT_TARGET = 15.5;
				LD_RUNPATH_SEARCH_PATHS = (
					"$(inherited)",
					"@executable_path/Frameworks",
				);
				MARKETING_VERSION = 1.0;
				PRODUCT_BUNDLE_IDENTIFIER = com.tarikmerrylees.Trekr;
				PRODUCT_NAME = Trekr;
				SDKROOT = iphoneos;
				SWIFT_EMIT_LOC_STRINGS = YES;
				SWIFT_VERSION = 5.0;
				TARGETED_DEVICE_FAMILY = "1,2";
			};
			name = Debug;
		};
		3A4D55E82885E95B00A47DAE /* Release */ = {
			isa = XCBuildConfiguration;
			buildSettings = {
				ASSETCATALOG_COMPILER_APPICON_NAME = AppIcon;
				ASSETCATALOG_COMPILER_GLOBAL_ACCENT_COLOR_NAME = AccentColor;
				CODE_SIGN_STYLE = Automatic;
				CURRENT_PROJECT_VERSION = 1;
				DEVELOPMENT_TEAM = 64TKHZP6VP;
				ENABLE_PREVIEWS = YES;
				GENERATE_INFOPLIST_FILE = YES;
				INFOPLIST_KEY_UIApplicationSceneManifest_Generation = YES;
				INFOPLIST_KEY_UIApplicationSupportsIndirectInputEvents = YES;
				INFOPLIST_KEY_UILaunchScreen_Generation = YES;
				INFOPLIST_KEY_UISupportedInterfaceOrientations_iPad = "UIInterfaceOrientationPortrait UIInterfaceOrientationPortraitUpsideDown UIInterfaceOrientationLandscapeLeft UIInterfaceOrientationLandscapeRight";
				INFOPLIST_KEY_UISupportedInterfaceOrientations_iPhone = "UIInterfaceOrientationPortrait UIInterfaceOrientationLandscapeLeft UIInterfaceOrientationLandscapeRight";
				IPHONEOS_DEPLOYMENT_TARGET = 15.5;
				LD_RUNPATH_SEARCH_PATHS = (
					"$(inherited)",
					"@executable_path/Frameworks",
				);
				MARKETING_VERSION = 1.0;
				PRODUCT_BUNDLE_IDENTIFIER = com.tarikmerrylees.Trekr;
				PRODUCT_NAME = Trekr;
				SDKROOT = iphoneos;
				SWIFT_EMIT_LOC_STRINGS = YES;
				SWIFT_VERSION = 5.0;
				TARGETED_DEVICE_FAMILY = "1,2";
				VALIDATE_PRODUCT = YES;
			};
			name = Release;
		};
		3A4D55EA2885E95B00A47DAE /* Debug */ = {
			isa = XCBuildConfiguration;
			buildSettings = {
				ASSETCATALOG_COMPILER_APPICON_NAME = AppIcon;
				ASSETCATALOG_COMPILER_GLOBAL_ACCENT_COLOR_NAME = AccentColor;
				CODE_SIGN_ENTITLEMENTS = macOS/macOS.entitlements;
				CODE_SIGN_STYLE = Automatic;
				COMBINE_HIDPI_IMAGES = YES;
				CURRENT_PROJECT_VERSION = 1;
				DEVELOPMENT_TEAM = 64TKHZP6VP;
				ENABLE_HARDENED_RUNTIME = YES;
				ENABLE_PREVIEWS = YES;
				GENERATE_INFOPLIST_FILE = YES;
				INFOPLIST_KEY_NSHumanReadableCopyright = "";
				LD_RUNPATH_SEARCH_PATHS = (
					"$(inherited)",
					"@executable_path/../Frameworks",
				);
				MACOSX_DEPLOYMENT_TARGET = 12.3;
				MARKETING_VERSION = 1.0;
				PRODUCT_BUNDLE_IDENTIFIER = com.tarikmerrylees.Trekr;
				PRODUCT_NAME = Trekr;
				SDKROOT = macosx;
				SWIFT_EMIT_LOC_STRINGS = YES;
				SWIFT_VERSION = 5.0;
			};
			name = Debug;
		};
		3A4D55EB2885E95B00A47DAE /* Release */ = {
			isa = XCBuildConfiguration;
			buildSettings = {
				ASSETCATALOG_COMPILER_APPICON_NAME = AppIcon;
				ASSETCATALOG_COMPILER_GLOBAL_ACCENT_COLOR_NAME = AccentColor;
				CODE_SIGN_ENTITLEMENTS = macOS/macOS.entitlements;
				CODE_SIGN_STYLE = Automatic;
				COMBINE_HIDPI_IMAGES = YES;
				CURRENT_PROJECT_VERSION = 1;
				DEVELOPMENT_TEAM = 64TKHZP6VP;
				ENABLE_HARDENED_RUNTIME = YES;
				ENABLE_PREVIEWS = YES;
				GENERATE_INFOPLIST_FILE = YES;
				INFOPLIST_KEY_NSHumanReadableCopyright = "";
				LD_RUNPATH_SEARCH_PATHS = (
					"$(inherited)",
					"@executable_path/../Frameworks",
				);
				MACOSX_DEPLOYMENT_TARGET = 12.3;
				MARKETING_VERSION = 1.0;
				PRODUCT_BUNDLE_IDENTIFIER = com.tarikmerrylees.Trekr;
				PRODUCT_NAME = Trekr;
				SDKROOT = macosx;
				SWIFT_EMIT_LOC_STRINGS = YES;
				SWIFT_VERSION = 5.0;
			};
			name = Release;
		};
/* End XCBuildConfiguration section */

/* Begin XCConfigurationList section */
		3A4D55CC2885E95900A47DAE /* Build configuration list for PBXProject "Trekr" */ = {
			isa = XCConfigurationList;
			buildConfigurations = (
				3A4D55E42885E95B00A47DAE /* Debug */,
				3A4D55E52885E95B00A47DAE /* Release */,
			);
			defaultConfigurationIsVisible = 0;
			defaultConfigurationName = Release;
		};
		3A4D55E62885E95B00A47DAE /* Build configuration list for PBXNativeTarget "Trekr (iOS)" */ = {
			isa = XCConfigurationList;
			buildConfigurations = (
				3A4D55E72885E95B00A47DAE /* Debug */,
				3A4D55E82885E95B00A47DAE /* Release */,
			);
			defaultConfigurationIsVisible = 0;
			defaultConfigurationName = Release;
		};
		3A4D55E92885E95B00A47DAE /* Build configuration list for PBXNativeTarget "Trekr (macOS)" */ = {
			isa = XCConfigurationList;
			buildConfigurations = (
				3A4D55EA2885E95B00A47DAE /* Debug */,
				3A4D55EB2885E95B00A47DAE /* Release */,
			);
			defaultConfigurationIsVisible = 0;
			defaultConfigurationName = Release;
		};
/* End XCConfigurationList section */
	};
	rootObject = 3A4D55C92885E95900A47DAE /* Project object */;
}
